// !$*UTF8*$!
{
	archiveVersion = 1;
	classes = {
	};
	objectVersion = 46;
	objects = {

/* Begin PBXBuildFile section */
		C6F5EE811C56ED53006CC158 /* AppDelegate.swift in Sources */ = {isa = PBXBuildFile; fileRef = C6F5EE801C56ED53006CC158 /* AppDelegate.swift */; };
		C6F5EE831C56ED53006CC158 /* ViewController.swift in Sources */ = {isa = PBXBuildFile; fileRef = C6F5EE821C56ED53006CC158 /* ViewController.swift */; };
		C6F5EE861C56ED53006CC158 /* Main.storyboard in Resources */ = {isa = PBXBuildFile; fileRef = C6F5EE841C56ED53006CC158 /* Main.storyboard */; };
		C6F5EE881C56ED53006CC158 /* Assets.xcassets in Resources */ = {isa = PBXBuildFile; fileRef = C6F5EE871C56ED53006CC158 /* Assets.xcassets */; };
		C6F5EE8B1C56ED53006CC158 /* LaunchScreen.storyboard in Resources */ = {isa = PBXBuildFile; fileRef = C6F5EE891C56ED53006CC158 /* LaunchScreen.storyboard */; };
		C6F5EE961C56ED53006CC158 /* Retro_CalcTests.swift in Sources */ = {isa = PBXBuildFile; fileRef = C6F5EE951C56ED53006CC158 /* Retro_CalcTests.swift */; };
		C6F5EEA11C56ED53006CC158 /* Retro_CalcUITests.swift in Sources */ = {isa = PBXBuildFile; fileRef = C6F5EEA01C56ED53006CC158 /* Retro_CalcUITests.swift */; };
/* End PBXBuildFile section */

/* Begin PBXContainerItemProxy section */
		C6F5EE921C56ED53006CC158 /* PBXContainerItemProxy */ = {
			isa = PBXContainerItemProxy;
			containerPortal = C6F5EE751C56ED53006CC158 /* Project object */;
			proxyType = 1;
			remoteGlobalIDString = C6F5EE7C1C56ED53006CC158;
			remoteInfo = "Retro-Calc";
		};
		C6F5EE9D1C56ED53006CC158 /* PBXContainerItemProxy */ = {
			isa = PBXContainerItemProxy;
			containerPortal = C6F5EE751C56ED53006CC158 /* Project object */;
			proxyType = 1;
			remoteGlobalIDString = C6F5EE7C1C56ED53006CC158;
			remoteInfo = "Retro-Calc";
		};
/* End PBXContainerItemProxy section */

/* Begin PBXFileReference section */
		C6F5EE7D1C56ED53006CC158 /* Retro-Calc.app */ = {isa = PBXFileReference; explicitFileType = wrapper.application; includeInIndex = 0; path = "Retro-Calc.app"; sourceTree = BUILT_PRODUCTS_DIR; };
		C6F5EE801C56ED53006CC158 /* AppDelegate.swift */ = {isa = PBXFileReference; lastKnownFileType = sourcecode.swift; path = AppDelegate.swift; sourceTree = "<group>"; };
		C6F5EE821C56ED53006CC158 /* ViewController.swift */ = {isa = PBXFileReference; lastKnownFileType = sourcecode.swift; path = ViewController.swift; sourceTree = "<group>"; };
		C6F5EE851C56ED53006CC158 /* Base */ = {isa = PBXFileReference; lastKnownFileType = file.storyboard; name = Base; path = Base.lproj/Main.storyboard; sourceTree = "<group>"; };
		C6F5EE871C56ED53006CC158 /* Assets.xcassets */ = {isa = PBXFileReference; lastKnownFileType = folder.assetcatalog; path = Assets.xcassets; sourceTree = "<group>"; };
		C6F5EE8A1C56ED53006CC158 /* Base */ = {isa = PBXFileReference; lastKnownFileType = file.storyboard; name = Base; path = Base.lproj/LaunchScreen.storyboard; sourceTree = "<group>"; };
		C6F5EE8C1C56ED53006CC158 /* Info.plist */ = {isa = PBXFileReference; lastKnownFileType = text.plist.xml; path = Info.plist; sourceTree = "<group>"; };
		C6F5EE911C56ED53006CC158 /* Retro-CalcTests.xctest */ = {isa = PBXFileReference; explicitFileType = wrapper.cfbundle; includeInIndex = 0; path = "Retro-CalcTests.xctest"; sourceTree = BUILT_PRODUCTS_DIR; };
		C6F5EE951C56ED53006CC158 /* Retro_CalcTests.swift */ = {isa = PBXFileReference; lastKnownFileType = sourcecode.swift; path = Retro_CalcTests.swift; sourceTree = "<group>"; };
		C6F5EE971C56ED53006CC158 /* Info.plist */ = {isa = PBXFileReference; lastKnownFileType = text.plist.xml; path = Info.plist; sourceTree = "<group>"; };
		C6F5EE9C1C56ED53006CC158 /* Retro-CalcUITests.xctest */ = {isa = PBXFileReference; explicitFileType = wrapper.cfbundle; includeInIndex = 0; path = "Retro-CalcUITests.xctest"; sourceTree = BUILT_PRODUCTS_DIR; };
		C6F5EEA01C56ED53006CC158 /* Retro_CalcUITests.swift */ = {isa = PBXFileReference; lastKnownFileType = sourcecode.swift; path = Retro_CalcUITests.swift; sourceTree = "<group>"; };
		C6F5EEA21C56ED53006CC158 /* Info.plist */ = {isa = PBXFileReference; lastKnownFileType = text.plist.xml; path = Info.plist; sourceTree = "<group>"; };
/* End PBXFileReference section */

/* Begin PBXFrameworksBuildPhase section */
		C6F5EE7A1C56ED53006CC158 /* Frameworks */ = {
			isa = PBXFrameworksBuildPhase;
			buildActionMask = 2147483647;
			files = (
			);
			runOnlyForDeploymentPostprocessing = 0;
		};
		C6F5EE8E1C56ED53006CC158 /* Frameworks */ = {
			isa = PBXFrameworksBuildPhase;
			buildActionMask = 2147483647;
			files = (
			);
			runOnlyForDeploymentPostprocessing = 0;
		};
		C6F5EE991C56ED53006CC158 /* Frameworks */ = {
			isa = PBXFrameworksBuildPhase;
			buildActionMask = 2147483647;
			files = (
			);
			runOnlyForDeploymentPostprocessing = 0;
		};
/* End PBXFrameworksBuildPhase section */

/* Begin PBXGroup section */
		C6F5EE741C56ED53006CC158 = {
			isa = PBXGroup;
			children = (
				C6F5EE7F1C56ED53006CC158 /* Retro-Calc */,
				C6F5EE941C56ED53006CC158 /* Retro-CalcTests */,
				C6F5EE9F1C56ED53006CC158 /* Retro-CalcUITests */,
				C6F5EE7E1C56ED53006CC158 /* Products */,
			);
			sourceTree = "<group>";
		};
		C6F5EE7E1C56ED53006CC158 /* Products */ = {
			isa = PBXGroup;
			children = (
				C6F5EE7D1C56ED53006CC158 /* Retro-Calc.app */,
				C6F5EE911C56ED53006CC158 /* Retro-CalcTests.xctest */,
				C6F5EE9C1C56ED53006CC158 /* Retro-CalcUITests.xctest */,
			);
			name = Products;
			sourceTree = "<group>";
		};
		C6F5EE7F1C56ED53006CC158 /* Retro-Calc */ = {
			isa = PBXGroup;
			children = (
				C6F5EE801C56ED53006CC158 /* AppDelegate.swift */,
				C6F5EE821C56ED53006CC158 /* ViewController.swift */,
				C6F5EE841C56ED53006CC158 /* Main.storyboard */,
				C6F5EE871C56ED53006CC158 /* Assets.xcassets */,
				C6F5EE891C56ED53006CC158 /* LaunchScreen.storyboard */,
				C6F5EE8C1C56ED53006CC158 /* Info.plist */,
			);
			path = "Retro-Calc";
			sourceTree = "<group>";
		};
		C6F5EE941C56ED53006CC158 /* Retro-CalcTests */ = {
			isa = PBXGroup;
			children = (
				C6F5EE951C56ED53006CC158 /* Retro_CalcTests.swift */,
				C6F5EE971C56ED53006CC158 /* Info.plist */,
			);
			path = "Retro-CalcTests";
			sourceTree = "<group>";
		};
		C6F5EE9F1C56ED53006CC158 /* Retro-CalcUITests */ = {
			isa = PBXGroup;
			children = (
				C6F5EEA01C56ED53006CC158 /* Retro_CalcUITests.swift */,
				C6F5EEA21C56ED53006CC158 /* Info.plist */,
			);
			path = "Retro-CalcUITests";
			sourceTree = "<group>";
		};
/* End PBXGroup section */

/* Begin PBXNativeTarget section */
		C6F5EE7C1C56ED53006CC158 /* Retro-Calc */ = {
			isa = PBXNativeTarget;
			buildConfigurationList = C6F5EEA51C56ED53006CC158 /* Build configuration list for PBXNativeTarget "Retro-Calc" */;
			buildPhases = (
				C6F5EE791C56ED53006CC158 /* Sources */,
				C6F5EE7A1C56ED53006CC158 /* Frameworks */,
				C6F5EE7B1C56ED53006CC158 /* Resources */,
			);
			buildRules = (
			);
			dependencies = (
			);
			name = "Retro-Calc";
			productName = "Retro-Calc";
			productReference = C6F5EE7D1C56ED53006CC158 /* Retro-Calc.app */;
			productType = "com.apple.product-type.application";
		};
		C6F5EE901C56ED53006CC158 /* Retro-CalcTests */ = {
			isa = PBXNativeTarget;
			buildConfigurationList = C6F5EEA81C56ED53006CC158 /* Build configuration list for PBXNativeTarget "Retro-CalcTests" */;
			buildPhases = (
				C6F5EE8D1C56ED53006CC158 /* Sources */,
				C6F5EE8E1C56ED53006CC158 /* Frameworks */,
				C6F5EE8F1C56ED53006CC158 /* Resources */,
			);
			buildRules = (
			);
			dependencies = (
				C6F5EE931C56ED53006CC158 /* PBXTargetDependency */,
			);
			name = "Retro-CalcTests";
			productName = "Retro-CalcTests";
			productReference = C6F5EE911C56ED53006CC158 /* Retro-CalcTests.xctest */;
			productType = "com.apple.product-type.bundle.unit-test";
		};
		C6F5EE9B1C56ED53006CC158 /* Retro-CalcUITests */ = {
			isa = PBXNativeTarget;
			buildConfigurationList = C6F5EEAB1C56ED53006CC158 /* Build configuration list for PBXNativeTarget "Retro-CalcUITests" */;
			buildPhases = (
				C6F5EE981C56ED53006CC158 /* Sources */,
				C6F5EE991C56ED53006CC158 /* Frameworks */,
				C6F5EE9A1C56ED53006CC158 /* Resources */,
			);
			buildRules = (
			);
			dependencies = (
				C6F5EE9E1C56ED53006CC158 /* PBXTargetDependency */,
			);
			name = "Retro-CalcUITests";
			productName = "Retro-CalcUITests";
			productReference = C6F5EE9C1C56ED53006CC158 /* Retro-CalcUITests.xctest */;
			productType = "com.apple.product-type.bundle.ui-testing";
		};
/* End PBXNativeTarget section */

/* Begin PBXProject section */
		C6F5EE751C56ED53006CC158 /* Project object */ = {
			isa = PBXProject;
			attributes = {
				LastSwiftUpdateCheck = 0720;
				LastUpgradeCheck = 0720;
				ORGANIZATIONNAME = "Nathan Brewer";
				TargetAttributes = {
					C6F5EE7C1C56ED53006CC158 = {
						CreatedOnToolsVersion = 7.2;
					};
					C6F5EE901C56ED53006CC158 = {
						CreatedOnToolsVersion = 7.2;
						TestTargetID = C6F5EE7C1C56ED53006CC158;
					};
					C6F5EE9B1C56ED53006CC158 = {
						CreatedOnToolsVersion = 7.2;
						TestTargetID = C6F5EE7C1C56ED53006CC158;
					};
				};
			};
			buildConfigurationList = C6F5EE781C56ED53006CC158 /* Build configuration list for PBXProject "Retro-Calc" */;
			compatibilityVersion = "Xcode 3.2";
			developmentRegion = English;
			hasScannedForEncodings = 0;
			knownRegions = (
				en,
				Base,
			);
			mainGroup = C6F5EE741C56ED53006CC158;
			productRefGroup = C6F5EE7E1C56ED53006CC158 /* Products */;
			projectDirPath = "";
			projectRoot = "";
			targets = (
				C6F5EE7C1C56ED53006CC158 /* Retro-Calc */,
				C6F5EE901C56ED53006CC158 /* Retro-CalcTests */,
				C6F5EE9B1C56ED53006CC158 /* Retro-CalcUITests */,
			);
		};
/* End PBXProject section */

/* Begin PBXResourcesBuildPhase section */
		C6F5EE7B1C56ED53006CC158 /* Resources */ = {
			isa = PBXResourcesBuildPhase;
			buildActionMask = 2147483647;
			files = (
				C6F5EE8B1C56ED53006CC158 /* LaunchScreen.storyboard in Resources */,
				C6F5EE881C56ED53006CC158 /* Assets.xcassets in Resources */,
				C6F5EE861C56ED53006CC158 /* Main.storyboard in Resources */,
			);
			runOnlyForDeploymentPostprocessing = 0;
		};
		C6F5EE8F1C56ED53006CC158 /* Resources */ = {
			isa = PBXResourcesBuildPhase;
			buildActionMask = 2147483647;
			files = (
			);
			runOnlyForDeploymentPostprocessing = 0;
		};
		C6F5EE9A1C56ED53006CC158 /* Resources */ = {
			isa = PBXResourcesBuildPhase;
			buildActionMask = 2147483647;
			files = (
			);
			runOnlyForDeploymentPostprocessing = 0;
		};
/* End PBXResourcesBuildPhase section */

/* Begin PBXSourcesBuildPhase section */
		C6F5EE791C56ED53006CC158 /* Sources */ = {
			isa = PBXSourcesBuildPhase;
			buildActionMask = 2147483647;
			files = (
				C6F5EE831C56ED53006CC158 /* ViewController.swift in Sources */,
				C6F5EE811C56ED53006CC158 /* AppDelegate.swift in Sources */,
			);
			runOnlyForDeploymentPostprocessing = 0;
		};
		C6F5EE8D1C56ED53006CC158 /* Sources */ = {
			isa = PBXSourcesBuildPhase;
			buildActionMask = 2147483647;
			files = (
				C6F5EE961C56ED53006CC158 /* Retro_CalcTests.swift in Sources */,
			);
			runOnlyForDeploymentPostprocessing = 0;
		};
		C6F5EE981C56ED53006CC158 /* Sources */ = {
			isa = PBXSourcesBuildPhase;
			buildActionMask = 2147483647;
			files = (
				C6F5EEA11C56ED53006CC158 /* Retro_CalcUITests.swift in Sources */,
			);
			runOnlyForDeploymentPostprocessing = 0;
		};
/* End PBXSourcesBuildPhase section */

/* Begin PBXTargetDependency section */
		C6F5EE931C56ED53006CC158 /* PBXTargetDependency */ = {
			isa = PBXTargetDependency;
			target = C6F5EE7C1C56ED53006CC158 /* Retro-Calc */;
			targetProxy = C6F5EE921C56ED53006CC158 /* PBXContainerItemProxy */;
		};
		C6F5EE9E1C56ED53006CC158 /* PBXTargetDependency */ = {
			isa = PBXTargetDependency;
			target = C6F5EE7C1C56ED53006CC158 /* Retro-Calc */;
			targetProxy = C6F5EE9D1C56ED53006CC158 /* PBXContainerItemProxy */;
		};
/* End PBXTargetDependency section */

/* Begin PBXVariantGroup section */
		C6F5EE841C56ED53006CC158 /* Main.storyboard */ = {
			isa = PBXVariantGroup;
			children = (
				C6F5EE851C56ED53006CC158 /* Base */,
			);
			name = Main.storyboard;
			sourceTree = "<group>";
		};
		C6F5EE891C56ED53006CC158 /* LaunchScreen.storyboard */ = {
			isa = PBXVariantGroup;
			children = (
				C6F5EE8A1C56ED53006CC158 /* Base */,
			);
			name = LaunchScreen.storyboard;
			sourceTree = "<group>";
		};
/* End PBXVariantGroup section */

/* Begin XCBuildConfiguration section */
		C6F5EEA31C56ED53006CC158 /* Debug */ = {
			isa = XCBuildConfiguration;
			buildSettings = {
				ALWAYS_SEARCH_USER_PATHS = NO;
				CLANG_CXX_LANGUAGE_STANDARD = "gnu++0x";
				CLANG_CXX_LIBRARY = "libc++";
				CLANG_ENABLE_MODULES = YES;
				CLANG_ENABLE_OBJC_ARC = YES;
				CLANG_WARN_BOOL_CONVERSION = YES;
				CLANG_WARN_CONSTANT_CONVERSION = YES;
				CLANG_WARN_DIRECT_OBJC_ISA_USAGE = YES_ERROR;
				CLANG_WARN_EMPTY_BODY = YES;
				CLANG_WARN_ENUM_CONVERSION = YES;
				CLANG_WARN_INT_CONVERSION = YES;
				CLANG_WARN_OBJC_ROOT_CLASS = YES_ERROR;
				CLANG_WARN_UNREACHABLE_CODE = YES;
				CLANG_WARN__DUPLICATE_METHOD_MATCH = YES;
				"CODE_SIGN_IDENTITY[sdk=iphoneos*]" = "iPhone Developer";
				COPY_PHASE_STRIP = NO;
				DEBUG_INFORMATION_FORMAT = dwarf;
				ENABLE_STRICT_OBJC_MSGSEND = YES;
				ENABLE_TESTABILITY = YES;
				GCC_C_LANGUAGE_STANDARD = gnu99;
				GCC_DYNAMIC_NO_PIC = NO;
				GCC_NO_COMMON_BLOCKS = YES;
				GCC_OPTIMIZATION_LEVEL = 0;
				GCC_PREPROCESSOR_DEFINITIONS = (
					"DEBUG=1",
					"$(inherited)",
				);
				GCC_WARN_64_TO_32_BIT_CONVERSION = YES;
				GCC_WARN_ABOUT_RETURN_TYPE = YES_ERROR;
				GCC_WARN_UNDECLARED_SELECTOR = YES;
				GCC_WARN_UNINITIALIZED_AUTOS = YES_AGGRESSIVE;
				GCC_WARN_UNUSED_FUNCTION = YES;
				GCC_WARN_UNUSED_VARIABLE = YES;
				IPHONEOS_DEPLOYMENT_TARGET = 9.2;
				MTL_ENABLE_DEBUG_INFO = YES;
				ONLY_ACTIVE_ARCH = YES;
				SDKROOT = iphoneos;
				SWIFT_OPTIMIZATION_LEVEL = "-Onone";
				TARGETED_DEVICE_FAMILY = "1,2";
			};
			name = Debug;
		};
		C6F5EEA41C56ED53006CC158 /* Release */ = {
			isa = XCBuildConfiguration;
			buildSettings = {
				ALWAYS_SEARCH_USER_PATHS = NO;
				CLANG_CXX_LANGUAGE_STANDARD = "gnu++0x";
				CLANG_CXX_LIBRARY = "libc++";
				CLANG_ENABLE_MODULES = YES;
				CLANG_ENABLE_OBJC_ARC = YES;
				CLANG_WARN_BOOL_CONVERSION = YES;
				CLANG_WARN_CONSTANT_CONVERSION = YES;
				CLANG_WARN_DIRECT_OBJC_ISA_USAGE = YES_ERROR;
				CLANG_WARN_EMPTY_BODY = YES;
				CLANG_WARN_ENUM_CONVERSION = YES;
				CLANG_WARN_INT_CONVERSION = YES;
				CLANG_WARN_OBJC_ROOT_CLASS = YES_ERROR;
				CLANG_WARN_UNREACHABLE_CODE = YES;
				CLANG_WARN__DUPLICATE_METHOD_MATCH = YES;
				"CODE_SIGN_IDENTITY[sdk=iphoneos*]" = "iPhone Developer";
				COPY_PHASE_STRIP = NO;
				DEBUG_INFORMATION_FORMAT = "dwarf-with-dsym";
				ENABLE_NS_ASSERTIONS = NO;
				ENABLE_STRICT_OBJC_MSGSEND = YES;
				GCC_C_LANGUAGE_STANDARD = gnu99;
				GCC_NO_COMMON_BLOCKS = YES;
				GCC_WARN_64_TO_32_BIT_CONVERSION = YES;
				GCC_WARN_ABOUT_RETURN_TYPE = YES_ERROR;
				GCC_WARN_UNDECLARED_SELECTOR = YES;
				GCC_WARN_UNINITIALIZED_AUTOS = YES_AGGRESSIVE;
				GCC_WARN_UNUSED_FUNCTION = YES;
				GCC_WARN_UNUSED_VARIABLE = YES;
				IPHONEOS_DEPLOYMENT_TARGET = 9.2;
				MTL_ENABLE_DEBUG_INFO = NO;
				SDKROOT = iphoneos;
				TARGETED_DEVICE_FAMILY = "1,2";
				VALIDATE_PRODUCT = YES;
			};
			name = Release;
		};
		C6F5EEA61C56ED53006CC158 /* Debug */ = {
			isa = XCBuildConfiguration;
			buildSettings = {
				ASSETCATALOG_COMPILER_APPICON_NAME = AppIcon;
				INFOPLIST_FILE = "Retro-Calc/Info.plist";
				LD_RUNPATH_SEARCH_PATHS = "$(inherited) @executable_path/Frameworks";
				PRODUCT_BUNDLE_IDENTIFIER = "com.nathan.supercool.Retro-Calc";
				PRODUCT_NAME = "$(TARGET_NAME)";
			};
			name = Debug;
		};
		C6F5EEA71C56ED53006CC158 /* Release */ = {
			isa = XCBuildConfiguration;
			buildSettings = {
				ASSETCATALOG_COMPILER_APPICON_NAME = AppIcon;
				INFOPLIST_FILE = "Retro-Calc/Info.plist";
				LD_RUNPATH_SEARCH_PATHS = "$(inherited) @executable_path/Frameworks";
				PRODUCT_BUNDLE_IDENTIFIER = "com.nathan.supercool.Retro-Calc";
				PRODUCT_NAME = "$(TARGET_NAME)";
			};
			name = Release;
		};
		C6F5EEA91C56ED53006CC158 /* Debug */ = {
			isa = XCBuildConfiguration;
			buildSettings = {
				BUNDLE_LOADER = "$(TEST_HOST)";
				INFOPLIST_FILE = "Retro-CalcTests/Info.plist";
				LD_RUNPATH_SEARCH_PATHS = "$(inherited) @executable_path/Frameworks @loader_path/Frameworks";
				PRODUCT_BUNDLE_IDENTIFIER = "com.nathan.supercool.Retro-CalcTests";
				PRODUCT_NAME = "$(TARGET_NAME)";
				TEST_HOST = "$(BUILT_PRODUCTS_DIR)/Retro-Calc.app/Retro-Calc";
			};
			name = Debug;
		};
		C6F5EEAA1C56ED53006CC158 /* Release */ = {
			isa = XCBuildConfiguration;
			buildSettings = {
				BUNDLE_LOADER = "$(TEST_HOST)";
				INFOPLIST_FILE = "Retro-CalcTests/Info.plist";
				LD_RUNPATH_SEARCH_PATHS = "$(inherited) @executable_path/Frameworks @loader_path/Frameworks";
				PRODUCT_BUNDLE_IDENTIFIER = "com.nathan.supercool.Retro-CalcTests";
				PRODUCT_NAME = "$(TARGET_NAME)";
				TEST_HOST = "$(BUILT_PRODUCTS_DIR)/Retro-Calc.app/Retro-Calc";
			};
			name = Release;
		};
		C6F5EEAC1C56ED53006CC158 /* Debug */ = {
			isa = XCBuildConfiguration;
			buildSettings = {
				INFOPLIST_FILE = "Retro-CalcUITests/Info.plist";
				LD_RUNPATH_SEARCH_PATHS = "$(inherited) @executable_path/Frameworks @loader_path/Frameworks";
				PRODUCT_BUNDLE_IDENTIFIER = "com.nathan.supercool.Retro-CalcUITests";
				PRODUCT_NAME = "$(TARGET_NAME)";
				TEST_TARGET_NAME = "Retro-Calc";
				USES_XCTRUNNER = YES;
			};
			name = Debug;
		};
		C6F5EEAD1C56ED53006CC158 /* Release */ = {
			isa = XCBuildConfiguration;
			buildSettings = {
				INFOPLIST_FILE = "Retro-CalcUITests/Info.plist";
				LD_RUNPATH_SEARCH_PATHS = "$(inherited) @executable_path/Frameworks @loader_path/Frameworks";
				PRODUCT_BUNDLE_IDENTIFIER = "com.nathan.supercool.Retro-CalcUITests";
				PRODUCT_NAME = "$(TARGET_NAME)";
				TEST_TARGET_NAME = "Retro-Calc";
				USES_XCTRUNNER = YES;
			};
			name = Release;
		};
/* End XCBuildConfiguration section */

/* Begin XCConfigurationList section */
		C6F5EE781C56ED53006CC158 /* Build configuration list for PBXProject "Retro-Calc" */ = {
			isa = XCConfigurationList;
			buildConfigurations = (
				C6F5EEA31C56ED53006CC158 /* Debug */,
				C6F5EEA41C56ED53006CC158 /* Release */,
			);
			defaultConfigurationIsVisible = 0;
			defaultConfigurationName = Release;
		};
		C6F5EEA51C56ED53006CC158 /* Build configuration list for PBXNativeTarget "Retro-Calc" */ = {
			isa = XCConfigurationList;
			buildConfigurations = (
				C6F5EEA61C56ED53006CC158 /* Debug */,
				C6F5EEA71C56ED53006CC158 /* Release */,
			);
			defaultConfigurationIsVisible = 0;
		};
		C6F5EEA81C56ED53006CC158 /* Build configuration list for PBXNativeTarget "Retro-CalcTests" */ = {
			isa = XCConfigurationList;
			buildConfigurations = (
				C6F5EEA91C56ED53006CC158 /* Debug */,
				C6F5EEAA1C56ED53006CC158 /* Release */,
			);
			defaultConfigurationIsVisible = 0;
		};
		C6F5EEAB1C56ED53006CC158 /* Build configuration list for PBXNativeTarget "Retro-CalcUITests" */ = {
			isa = XCConfigurationList;
			buildConfigurations = (
				C6F5EEAC1C56ED53006CC158 /* Debug */,
				C6F5EEAD1C56ED53006CC158 /* Release */,
			);
			defaultConfigurationIsVisible = 0;
		};
/* End XCConfigurationList section */
	};
	rootObject = C6F5EE751C56ED53006CC158 /* Project object */;
}
